
Microsoft Visual Studio Solution File, Format Version 12.00
# Visual Studio Version 16
VisualStudioVersion = 16.0.29613.14
MinimumVisualStudioVersion = 10.0.40219.1
Project("{FAE04EC0-301F-11D3-BF4B-00C04F79EFBC}") = "WebApplication1", "WebApplication1\WebApplication1.csproj", "{DD8D4290-5FC6-4E05-B735-EF801F13628E}"
EndProject
Global
	GlobalSection(SolutionConfigurationPlatforms) = preSolution
		Debug|Any CPU = Debug|Any CPU
		Release|Any CPU = Release|Any CPU
	EndGlobalSection
	GlobalSection(ProjectConfigurationPlatforms) = postSolution
		{DD8D4290-5FC6-4E05-B735-EF801F13628E}.Debug|Any CPU.ActiveCfg = Debug|Any CPU
		{DD8D4290-5FC6-4E05-B735-EF801F13628E}.Debug|Any CPU.Build.0 = Debug|Any CPU
		{DD8D4290-5FC6-4E05-B735-EF801F13628E}.Release|Any CPU.ActiveCfg = Release|Any CPU
		{DD8D4290-5FC6-4E05-B735-EF801F13628E}.Release|Any CPU.Build.0 = Release|Any CPU
	EndGlobalSection
	GlobalSection(SolutionProperties) = preSolution
		HideSolutionNode = FALSE
	EndGlobalSection
	GlobalSection(ExtensibilityGlobals) = postSolution
		SolutionGuid = {72D98D50-CD6F-4190-A9C1-BA9DC8E9F3B6}
	EndGlobalSection
EndGlobal
